{
    "_meta": {
        "hash": {
            "sha256": "7913e598b5e900fe49995d08989a1825832da37fc2148774303d266cfcdde23b"
        },
        "pipfile-spec": 6,
        "requires": {
            "python_version": "3"
        },
        "sources": [
            {
                "name": "pypi",
                "url": "https://pypi.org/simple",
                "verify_ssl": true
            }
        ]
    },
    "default": {
        "ansimarkup": {
            "hashes": [
                "sha256:06365e3ef89a12734fc408b2449cb4642d5fe2e603e95e7296eff9e98a0fe0b4",
                "sha256:174d920481416cec8d5a707af542d6fba25a1df1c21d8996479c32ba453649a4"
            ],
            "version": "==1.4.0"
        },
        "better-exceptions-fork": {
            "hashes": [
                "sha256:5f0983da51e956dbdaf8b9a3d10e2774b382ce6c6ff2e54685c33e2dbe8f1472"
            ],
            "version": "==0.2.1.post6"
        },
        "colorama": {
            "hashes": [
                "sha256:05eed71e2e327246ad6b38c540c4a3117230b19679b875190486ddd2d721422d",
                "sha256:f8ac84de7840f5b9c4e3347b3c1eaa50f7e49c2b07596221daec5edaabbd7c48"
            ],
            "version": "==0.4.1"
        },
        "loguru": {
            "hashes": [
                "sha256:68297d9f23064c2f4764bb5d0c5c767f3ed7f9fc1218244841878f5fc7c94add",
                "sha256:ebac59630946721fd6207264679b267a8bdc290b086226067d6aad86830e3123"
            ],
            "index": "pypi",
            "version": "==0.2.5"
        },
        "pygments": {
            "hashes": [
                "sha256:5ffada19f6203563680669ee7f53b64dabbeb100eb51b61996085e99c03b284a",
                "sha256:e8218dd399a61674745138520d0d4cf2621d7e032439341bc3f647bff125818d"
            ],
            "version": "==2.3.1"
        }
    },
    "develop": {
        "future": {
            "hashes": [
                "sha256:67045236dcfd6816dc439556d009594abf643e5eb48992e36beac09c2ca659b8"
            ],
            "version": "==0.17.1"
        },
        "jedi": {
            "hashes": [
                "sha256:2bb0603e3506f708e792c7f4ad8fc2a7a9d9c2d292a358fbbd58da531695595b",
                "sha256:2c6bcd9545c7d6440951b12b44d373479bf18123a401a52025cf98563fbd826c"
            ],
            "version": "==0.13.3"
        },
        "parso": {
            "hashes": [
                "sha256:4580328ae3f548b358f4901e38c0578229186835f0fa0846e47369796dd5bcc9",
                "sha256:68406ebd7eafe17f8e40e15a84b56848eccbf27d7c1feb89e93d8fca395706db"
            ],
            "version": "==0.3.4"
        },
        "pluggy": {
            "hashes": [
                "sha256:19ecf9ce9db2fce065a7a0586e07cfb4ac8614fe96edf628a264b1c70116cf8f",
                "sha256:84d306a647cc805219916e62aab89caa97a33a1dd8c342e87a37f91073cd4746"
            ],
            "version": "==0.9.0"
        },
        "python-jsonrpc-server": {
            "hashes": [
                "sha256:09b418e3b1ba9032aecc7aefdd185511dd230fb8dacf18ec195d14dfd89d9e54"
            ],
            "version": "==0.1.2"
        },
        "python-language-server": {
            "hashes": [
                "sha256:01f4b6273b62cc74cfb107a9c2123b57e43d8617b4d7c1b2afe258d2b0b24bf5"
            ],
            "index": "pypi",
            "version": "==0.25.0"
        }
    }
}
